
Microsoft Visual Studio Solution File, Format Version 12.00
# Visual Studio Version 17
VisualStudioVersion = 17.5.33414.496
MinimumVisualStudioVersion = 10.0.40219.1
Project("{2150E333-8FDC-42A3-9474-1A3956D46DE8}") = "FrontEnd", "FrontEnd", "{712EDC60-E416-40DB-A210-A389020BFE9D}"
EndProject
Project("{2150E333-8FDC-42A3-9474-1A3956D46DE8}") = "Gateway", "Gateway", "{9CC021BF-EA4E-4685-8239-97C8FD58ECFA}"
EndProject
Project("{2150E333-8FDC-42A3-9474-1A3956D46DE8}") = "Integration", "Integration", "{D563F0AB-6AAB-4D43-B429-A16597AD9BF1}"
EndProject
Project("{2150E333-8FDC-42A3-9474-1A3956D46DE8}") = "Services", "Services", "{5C784353-6A88-44A2-8223-599A6579F624}"
EndProject
Project("{9A19103F-16F7-4668-BE54-9A1E7A4F7556}") = "Mango.Services.CouponAPI", "Mango.Services.CouponAPI\Mango.Services.CouponAPI.csproj", "{00BFA2C5-7C90-4C2F-BA3C-452C7301F852}"
EndProject
Project("{9A19103F-16F7-4668-BE54-9A1E7A4F7556}") = "Mango.Web", "Mango.Web\Mango.Web.csproj", "{CFD2B5E1-57D2-4E5D-97C1-1DF23926FEC6}"
EndProject
Project("{9A19103F-16F7-4668-BE54-9A1E7A4F7556}") = "Mango.Services.AuthAPI", "Mango.Services.AuthAPI\Mango.Services.AuthAPI.csproj", "{9AB302A7-1DD2-4CEA-A400-B2DDA76A4AAB}"
EndProject
Project("{9A19103F-16F7-4668-BE54-9A1E7A4F7556}") = "Mango.Services.ProductAPI", "Mango.Services.ProductAPI\Mango.Services.ProductAPI.csproj", "{857A83A1-FBB3-4FCA-BE0B-923B3E2CB3DA}"
EndProject
Project("{9A19103F-16F7-4668-BE54-9A1E7A4F7556}") = "Mango.Services.ShoppingCartAPI", "Mango.Services.ShoppingCartAPI\Mango.Services.ShoppingCartAPI.csproj", "{10DBA5AF-EC38-43BD-88F7-7671B4D274E0}"
EndProject
Project("{9A19103F-16F7-4668-BE54-9A1E7A4F7556}") = "Mango.MessageBus", "Mango.MessageBus\Mango.MessageBus.csproj", "{9C023691-F1AA-4BDD-B791-F2B148DDEBE5}"
EndProject
Project("{9A19103F-16F7-4668-BE54-9A1E7A4F7556}") = "Mango.Services.EmailAPI", "Mango.Services.EmailAPI\Mango.Services.EmailAPI.csproj", "{F3FCE389-8256-4189-8104-EA26BFA4988D}"
EndProject
Project("{FAE04EC0-301F-11D3-BF4B-00C04F79EFBC}") = "Mango.Services.OrderAPI", "Mango.Services.OrderAPI\Mango.Services.OrderAPI.csproj", "{2C336AA9-7A3B-4582-B57B-0540B08281AE}"
EndProject
Global
	GlobalSection(SolutionConfigurationPlatforms) = preSolution
		Debug|Any CPU = Debug|Any CPU
		Release|Any CPU = Release|Any CPU
	EndGlobalSection
	GlobalSection(ProjectConfigurationPlatforms) = postSolution
		{00BFA2C5-7C90-4C2F-BA3C-452C7301F852}.Debug|Any CPU.ActiveCfg = Debug|Any CPU
		{00BFA2C5-7C90-4C2F-BA3C-452C7301F852}.Debug|Any CPU.Build.0 = Debug|Any CPU
		{00BFA2C5-7C90-4C2F-BA3C-452C7301F852}.Release|Any CPU.ActiveCfg = Release|Any CPU
		{00BFA2C5-7C90-4C2F-BA3C-452C7301F852}.Release|Any CPU.Build.0 = Release|Any CPU
		{CFD2B5E1-57D2-4E5D-97C1-1DF23926FEC6}.Debug|Any CPU.ActiveCfg = Debug|Any CPU
		{CFD2B5E1-57D2-4E5D-97C1-1DF23926FEC6}.Debug|Any CPU.Build.0 = Debug|Any CPU
		{CFD2B5E1-57D2-4E5D-97C1-1DF23926FEC6}.Release|Any CPU.ActiveCfg = Release|Any CPU
		{CFD2B5E1-57D2-4E5D-97C1-1DF23926FEC6}.Release|Any CPU.Build.0 = Release|Any CPU
		{9AB302A7-1DD2-4CEA-A400-B2DDA76A4AAB}.Debug|Any CPU.ActiveCfg = Debug|Any CPU
		{9AB302A7-1DD2-4CEA-A400-B2DDA76A4AAB}.Debug|Any CPU.Build.0 = Debug|Any CPU
		{9AB302A7-1DD2-4CEA-A400-B2DDA76A4AAB}.Release|Any CPU.ActiveCfg = Release|Any CPU
		{9AB302A7-1DD2-4CEA-A400-B2DDA76A4AAB}.Release|Any CPU.Build.0 = Release|Any CPU
		{857A83A1-FBB3-4FCA-BE0B-923B3E2CB3DA}.Debug|Any CPU.ActiveCfg = Debug|Any CPU
		{857A83A1-FBB3-4FCA-BE0B-923B3E2CB3DA}.Debug|Any CPU.Build.0 = Debug|Any CPU
		{857A83A1-FBB3-4FCA-BE0B-923B3E2CB3DA}.Release|Any CPU.ActiveCfg = Release|Any CPU
		{857A83A1-FBB3-4FCA-BE0B-923B3E2CB3DA}.Release|Any CPU.Build.0 = Release|Any CPU
		{10DBA5AF-EC38-43BD-88F7-7671B4D274E0}.Debug|Any CPU.ActiveCfg = Debug|Any CPU
		{10DBA5AF-EC38-43BD-88F7-7671B4D274E0}.Debug|Any CPU.Build.0 = Debug|Any CPU
		{10DBA5AF-EC38-43BD-88F7-7671B4D274E0}.Release|Any CPU.ActiveCfg = Release|Any CPU
		{10DBA5AF-EC38-43BD-88F7-7671B4D274E0}.Release|Any CPU.Build.0 = Release|Any CPU
		{9C023691-F1AA-4BDD-B791-F2B148DDEBE5}.Debug|Any CPU.ActiveCfg = Debug|Any CPU
		{9C023691-F1AA-4BDD-B791-F2B148DDEBE5}.Debug|Any CPU.Build.0 = Debug|Any CPU
		{9C023691-F1AA-4BDD-B791-F2B148DDEBE5}.Release|Any CPU.ActiveCfg = Release|Any CPU
		{9C023691-F1AA-4BDD-B791-F2B148DDEBE5}.Release|Any CPU.Build.0 = Release|Any CPU
		{F3FCE389-8256-4189-8104-EA26BFA4988D}.Debug|Any CPU.ActiveCfg = Debug|Any CPU
		{F3FCE389-8256-4189-8104-EA26BFA4988D}.Debug|Any CPU.Build.0 = Debug|Any CPU
		{F3FCE389-8256-4189-8104-EA26BFA4988D}.Release|Any CPU.ActiveCfg = Release|Any CPU
		{F3FCE389-8256-4189-8104-EA26BFA4988D}.Release|Any CPU.Build.0 = Release|Any CPU
		{2C336AA9-7A3B-4582-B57B-0540B08281AE}.Debug|Any CPU.ActiveCfg = Debug|Any CPU
		{2C336AA9-7A3B-4582-B57B-0540B08281AE}.Debug|Any CPU.Build.0 = Debug|Any CPU
		{2C336AA9-7A3B-4582-B57B-0540B08281AE}.Release|Any CPU.ActiveCfg = Release|Any CPU
		{2C336AA9-7A3B-4582-B57B-0540B08281AE}.Release|Any CPU.Build.0 = Release|Any CPU
	EndGlobalSection
	GlobalSection(SolutionProperties) = preSolution
		HideSolutionNode = FALSE
	EndGlobalSection
	GlobalSection(NestedProjects) = preSolution
		{00BFA2C5-7C90-4C2F-BA3C-452C7301F852} = {5C784353-6A88-44A2-8223-599A6579F624}
		{CFD2B5E1-57D2-4E5D-97C1-1DF23926FEC6} = {712EDC60-E416-40DB-A210-A389020BFE9D}
		{9AB302A7-1DD2-4CEA-A400-B2DDA76A4AAB} = {5C784353-6A88-44A2-8223-599A6579F624}
		{857A83A1-FBB3-4FCA-BE0B-923B3E2CB3DA} = {5C784353-6A88-44A2-8223-599A6579F624}
		{10DBA5AF-EC38-43BD-88F7-7671B4D274E0} = {5C784353-6A88-44A2-8223-599A6579F624}
		{9C023691-F1AA-4BDD-B791-F2B148DDEBE5} = {D563F0AB-6AAB-4D43-B429-A16597AD9BF1}
		{F3FCE389-8256-4189-8104-EA26BFA4988D} = {5C784353-6A88-44A2-8223-599A6579F624}
		{2C336AA9-7A3B-4582-B57B-0540B08281AE} = {5C784353-6A88-44A2-8223-599A6579F624}
	EndGlobalSection
	GlobalSection(ExtensibilityGlobals) = postSolution
		SolutionGuid = {4F9E0EFD-8C3E-428D-B630-387941371219}
	EndGlobalSection
EndGlobal
